<?xml version="1.0" encoding="utf-8"?>
<Project ToolsVersion="4.0" xmlns="http://schemas.microsoft.com/developer/msbuild/2003">
  <ItemGroup>
    <Filter Include="Resource Files">
      <UniqueIdentifier>{67DA6AB6-F800-4c08-8B7A-83BB121AAD01}</UniqueIdentifier>
      <Extensions>rc;ico;cur;bmp;dlg;rc2;rct;bin;rgs;gif;jpg;jpeg;jpe;resx;tiff;tif;png;wav;mfcribbon-ms</Extensions>
    </Filter>
    <Filter Include="Shaders">
      <UniqueIdentifier>{4e386439-317b-44dc-9723-ad0c8645e029}</UniqueIdentifier>
    </Filter>
    <Filter Include="ImGui">
      <UniqueIdentifier>{e06b6e17-d7b6-4080-a4db-0b23af9fb03f}</UniqueIdentifier>
    </Filter>
    <Filter Include="ImGui\Source">
      <UniqueIdentifier>{a3561194-dd6f-4c48-ba8c-290b11508ad8}</UniqueIdentifier>
    </Filter>
    <Filter Include="ImGui\Header">
      <UniqueIdentifier>{80d58854-d53b-4733-adef-1224a8d89977}</UniqueIdentifier>
    </Filter>
    <Filter Include="Files">
      <UniqueIdentifier>{93995380-89BD-4b04-88EB-625FBE52EBFB}</UniqueIdentifier>
      <Extensions>h;hh;hpp;hxx;hm;inl;inc;ipp;xsd</Extensions>
    </Filter>
    <Filter Include="Files\components">
      <UniqueIdentifier>{ae210731-78b9-49e5-8d24-ec416a88922f}</UniqueIdentifier>
    </Filter>
    <Filter Include="Files\render">
      <UniqueIdentifier>{a782fa85-87db-4aaa-8c10-8148b43a07f4}</UniqueIdentifier>
    </Filter>
    <Filter Include="Files\states">
      <UniqueIdentifier>{7b9f3682-4a81-4a04-bb9c-c61a12ee2bbf}</UniqueIdentifier>
    </Filter>
    <Filter Include="Files\util">
      <UniqueIdentifier>{2a3a63f7-d275-44ea-8648-31e7475406c7}</UniqueIdentifier>
    </Filter>
    <Filter Include="Files\libs">
      <UniqueIdentifier>{326a2df1-54fa-4c24-813e-77601d68bca5}</UniqueIdentifier>
    </Filter>
    <Filter Include="Files\core">
      <UniqueIdentifier>{67e043f2-42fb-4e8b-b715-dbf4d9b69cfc}</UniqueIdentifier>
    </Filter>
    <Filter Include="Entry point">
      <UniqueIdentifier>{4FC737F1-C7A5-4376-A066-2A32D752A2FF}</UniqueIdentifier>
      <Extensions>cpp;c;cc;cxx;def;odl;idl;hpj;bat;asm;asmx</Extensions>
    </Filter>
    <Filter Include="Files\events">
      <UniqueIdentifier>{6b1047a5-7220-413b-a4e8-43e026dda140}</UniqueIdentifier>
    </Filter>
    <Filter Include="Files\assets">
      <UniqueIdentifier>{72e8828a-630b-44ea-b0ce-fa453cb5dae0}</UniqueIdentifier>
    </Filter>
  </ItemGroup>
  <ItemGroup>
    <ClCompile Include="src\main.cpp">
      <Filter>Entry point</Filter>
    </ClCompile>
    <ClCompile Include="deps\imgui\imgui.cpp">
      <Filter>ImGui\Source</Filter>
    </ClCompile>
    <ClCompile Include="deps\imgui\imgui_demo.cpp">
      <Filter>ImGui\Source</Filter>
    </ClCompile>
    <ClCompile Include="deps\imgui\imgui_draw.cpp">
      <Filter>ImGui\Source</Filter>
    </ClCompile>
    <ClCompile Include="deps\imgui\imgui_widgets.cpp">
      <Filter>ImGui\Source</Filter>
    </ClCompile>
    <ClCompile Include="deps\imgui\imgui_impl_glfw.cpp">
      <Filter>ImGui\Source</Filter>
    </ClCompile>
    <ClCompile Include="deps\imgui\imgui_impl_opengl3.cpp">
      <Filter>ImGui\Source</Filter>
    </ClCompile>
    <ClCompile Include="src\components\Camera.cpp">
      <Filter>Files\components</Filter>
    </ClCompile>
    <ClCompile Include="src\components\Material.cpp">
      <Filter>Files\components</Filter>
    </ClCompile>
    <ClCompile Include="src\components\Transform.cpp">
      <Filter>Files\components</Filter>
    </ClCompile>
    <ClCompile Include="src\render\GLWrapper.cpp">
      <Filter>Files\render</Filter>
    </ClCompile>
    <ClCompile Include="src\util\loader.cpp">
      <Filter>Files\util</Filter>
    </ClCompile>
    <ClCompile Include="src\util\math.cpp">
      <Filter>Files\util</Filter>
    </ClCompile>
    <ClCompile Include="src\states\Playing.cpp">
      <Filter>Files\states</Filter>
    </ClCompile>
    <ClCompile Include="src\render\Program.cpp">
      <Filter>Files\render</Filter>
    </ClCompile>
    <ClCompile Include="src\render\SpriteRenderer.cpp">
      <Filter>Files\render</Filter>
    </ClCompile>
    <ClCompile Include="src\render\LineRenderer.cpp">
      <Filter>Files\render</Filter>
    </ClCompile>
    <ClCompile Include="src\components\Line.cpp">
      <Filter>Files\components</Filter>
    </ClCompile>
    <ClCompile Include="src\events\glfw_events.cpp">
      <Filter>Files\events</Filter>
    </ClCompile>
    <ClCompile Include="src\events\InputHandler.cpp">
      <Filter>Files\events</Filter>
    </ClCompile>
    <ClCompile Include="src\assets\Geometry.cpp">
      <Filter>Files\assets</Filter>
    </ClCompile>
    <ClCompile Include="src\assets\Registry.cpp">
      <Filter>Files\assets</Filter>
    </ClCompile>
    <ClCompile Include="src\assets\Texture.cpp">
      <Filter>Files\assets</Filter>
    </ClCompile>
  </ItemGroup>
  <ItemGroup>
    <ClInclude Include="deps\imgui\imconfig.h">
      <Filter>ImGui\Header</Filter>
    </ClInclude>
    <ClInclude Include="deps\imgui\imgui.h">
      <Filter>ImGui\Header</Filter>
    </ClInclude>
    <ClInclude Include="deps\imgui\imstb_rectpack.h">
      <Filter>ImGui\Header</Filter>
    </ClInclude>
    <ClInclude Include="deps\imgui\imgui_internal.h">
      <Filter>ImGui\Header</Filter>
    </ClInclude>
    <ClInclude Include="deps\imgui\imstb_textedit.h">
      <Filter>ImGui\Header</Filter>
    </ClInclude>
    <ClInclude Include="deps\imgui\imstb_truetype.h">
      <Filter>ImGui\Header</Filter>
    </ClInclude>
    <ClInclude Include="deps\imgui\imgui_impl_glfw.h">
      <Filter>ImGui\Header</Filter>
    </ClInclude>
    <ClInclude Include="deps\imgui\imgui_impl_opengl3.h">
      <Filter>ImGui\Header</Filter>
    </ClInclude>
    <ClInclude Include="src\render\GLWrapper.h">
      <Filter>Files\render</Filter>
    </ClInclude>
    <ClInclude Include="src\render\Program.h">
      <Filter>Files\render</Filter>
    </ClInclude>
    <ClInclude Include="src\states\Playing.h">
      <Filter>Files\states</Filter>
    </ClInclude>
    <ClInclude Include="src\util\loader.h">
      <Filter>Files\util</Filter>
    </ClInclude>
    <ClInclude Include="src\util\math.h">
      <Filter>Files\util</Filter>
    </ClInclude>
    <ClInclude Include="src\lib\img_load\stb_image.h">
      <Filter>Files\libs</Filter>
    </ClInclude>
    <ClInclude Include="src\core\ECS.h">
      <Filter>Files\core</Filter>
    </ClInclude>
    <ClInclude Include="src\components\Camera.h">
      <Filter>Files\components</Filter>
    </ClInclude>
    <ClInclude Include="src\components\Material.h">
      <Filter>Files\components</Filter>
    </ClInclude>
    <ClInclude Include="src\components\Sprite.h">
      <Filter>Files\components</Filter>
    </ClInclude>
    <ClInclude Include="src\components\Transform.h">
      <Filter>Files\components</Filter>
    </ClInclude>
    <ClInclude Include="src\render\SpriteRenderer.h">
      <Filter>Files\render</Filter>
    </ClInclude>
    <ClInclude Include="src\render\LineRenderer.h">
      <Filter>Files\render</Filter>
    </ClInclude>
    <ClInclude Include="src\events\Events.h">
      <Filter>Files\events</Filter>
    </ClInclude>
    <ClInclude Include="src\components\Line.h">
      <Filter>Files\components</Filter>
    </ClInclude>
    <ClInclude Include="src\events\glfw_events.h">
      <Filter>Files\events</Filter>
    </ClInclude>
    <ClInclude Include="src\events\InputHandler.h">
      <Filter>Files\events</Filter>
    </ClInclude>
    <ClInclude Include="src\assets\Geometry.h">
      <Filter>Files\assets</Filter>
    </ClInclude>
    <ClInclude Include="src\assets\Registry.h">
      <Filter>Files\assets</Filter>
    </ClInclude>
    <ClInclude Include="src\assets\Texture.h">
      <Filter>Files\assets</Filter>
    </ClInclude>
    <ClInclude Include="src\assets\Asset.h">
      <Filter>Files\assets</Filter>
    </ClInclude>
  </ItemGroup>
  <ItemGroup>
    <None Include="shaders\color.vert.glsl">
      <Filter>Shaders</Filter>
    </None>
    <None Include="shaders\color.frag.glsl">
      <Filter>Shaders</Filter>
    </None>
  </ItemGroup>
</Project>